
Microsoft Visual Studio Solution File, Format Version 12.00
# Visual Studio Version 17
VisualStudioVersion = 17.4.33122.133
MinimumVisualStudioVersion = 10.0.40219.1
Project("{FAE04EC0-301F-11D3-BF4B-00C04F79EFBC}") = "Foreach Nome", "Foreach Nome.csproj", "{1669A169-4C7F-41FE-936C-7D7C825E8AAB}"
EndProject
Global
	GlobalSection(SolutionConfigurationPlatforms) = preSolution
		Debug|Any CPU = Debug|Any CPU
		Release|Any CPU = Release|Any CPU
	EndGlobalSection
	GlobalSection(ProjectConfigurationPlatforms) = postSolution
		{1669A169-4C7F-41FE-936C-7D7C825E8AAB}.Debug|Any CPU.ActiveCfg = Debug|Any CPU
		{1669A169-4C7F-41FE-936C-7D7C825E8AAB}.Debug|Any CPU.Build.0 = Debug|Any CPU
		{1669A169-4C7F-41FE-936C-7D7C825E8AAB}.Release|Any CPU.ActiveCfg = Release|Any CPU
		{1669A169-4C7F-41FE-936C-7D7C825E8AAB}.Release|Any CPU.Build.0 = Release|Any CPU
	EndGlobalSection
	GlobalSection(SolutionProperties) = preSolution
		HideSolutionNode = FALSE
	EndGlobalSection
	GlobalSection(ExtensibilityGlobals) = postSolution
		SolutionGuid = {7358875D-0303-4D78-90B3-A504131A241D}
	EndGlobalSection
EndGlobal
